github.com/fbaube/humanbytes v0.0.0-20240227103038-1ebb77969169 h1:LNUq62Q9D9lLMgUYAaDWXTto7U8t9Tj/h6IWih3uJdo=
github.com/fbaube/humanbytes v0.0.0-20240227103038-1ebb77969169/go.mod h1:WUS3tn4t+FViNsl4VOqYiV51cJNIIeMjLI9fOfm+Ug8=
github.com/fbaube/humanbytes v0.0.0-20240227103335-a0b11501ad0e h1:2lRZ3QxDYaZ9F7RXLSL3zugdmeQTGOrRddBk+RVTRY0=
github.com/fbaube/humanbytes v0.0.0-20240227103335-a0b11501ad0e/go.mod h1:WUS3tn4t+FViNsl4VOqYiV51cJNIIeMjLI9fOfm+Ug8=
